
Microsoft Visual Studio Solution File, Format Version 12.00
# Visual Studio Version 16
VisualStudioVersion = 16.0.31729.503
MinimumVisualStudioVersion = 10.0.40219.1
Project("{FAE04EC0-301F-11D3-BF4B-00C04F79EFBC}") = "Requerimiento", "Requerimiento\Requerimiento.csproj", "{CE63C174-CCC2-4903-BBB5-D06C8C1E1F4B}"
EndProject
Global
	GlobalSection(SolutionConfigurationPlatforms) = preSolution
		Debug|Any CPU = Debug|Any CPU
		Release|Any CPU = Release|Any CPU
	EndGlobalSection
	GlobalSection(ProjectConfigurationPlatforms) = postSolution
		{CE63C174-CCC2-4903-BBB5-D06C8C1E1F4B}.Debug|Any CPU.ActiveCfg = Debug|Any CPU
		{CE63C174-CCC2-4903-BBB5-D06C8C1E1F4B}.Debug|Any CPU.Build.0 = Debug|Any CPU
		{CE63C174-CCC2-4903-BBB5-D06C8C1E1F4B}.Release|Any CPU.ActiveCfg = Release|Any CPU
		{CE63C174-CCC2-4903-BBB5-D06C8C1E1F4B}.Release|Any CPU.Build.0 = Release|Any CPU
	EndGlobalSection
	GlobalSection(SolutionProperties) = preSolution
		HideSolutionNode = FALSE
	EndGlobalSection
	GlobalSection(ExtensibilityGlobals) = postSolution
		SolutionGuid = {9D116361-7ADB-467C-A164-5FA81B603845}
	EndGlobalSection
EndGlobal
